git.sr.ht/~jamesponddotco/xstd-go v0.7.1 h1:MqkIWlzLwBOVLf9W2qLVF5m/QnJzuNiKA/4P+ditvnk=
git.sr.ht/~jamesponddotco/xstd-go v0.7.1/go.mod h1:L0SjmhDqcj/gR7oeNof+ed6l9VPk6oHPeNQSoaFBRFk=
git.sr.ht/~jamesponddotco/xstd-go v0.13.0 h1:ilt6ctfIo9GEgUKsYs+WXlk47E4+H+P3erh2eJEvHrs=
git.sr.ht/~jamesponddotco/xstd-go v0.13.0/go.mod h1:2ImaAMHwlIUZQG4RDk7utC9ZG5HL+l6uQ3pwMjq1Q5s=
